
Microsoft Visual Studio Solution File, Format Version 12.00
# Visual Studio Version 16
VisualStudioVersion = 16.0.31112.23
MinimumVisualStudioVersion = 10.0.40219.1
Project("{9A19103F-16F7-4668-BE54-9A1E7A4F7556}") = "React.BFF", "React.BFF\React.BFF.csproj", "{F6DADA01-9792-421D-B679-2A69897457AB}"
EndProject
Project("{9A19103F-16F7-4668-BE54-9A1E7A4F7556}") = "BFF.Api", "BFF.Api\BFF.Api.csproj", "{37148B99-0BC0-48B7-84CE-BD31957FD914}"
EndProject
Global
	GlobalSection(SolutionConfigurationPlatforms) = preSolution
		Debug|Any CPU = Debug|Any CPU
		Release|Any CPU = Release|Any CPU
	EndGlobalSection
	GlobalSection(ProjectConfigurationPlatforms) = postSolution
		{F6DADA01-9792-421D-B679-2A69897457AB}.Debug|Any CPU.ActiveCfg = Debug|Any CPU
		{F6DADA01-9792-421D-B679-2A69897457AB}.Debug|Any CPU.Build.0 = Debug|Any CPU
		{F6DADA01-9792-421D-B679-2A69897457AB}.Release|Any CPU.ActiveCfg = Release|Any CPU
		{F6DADA01-9792-421D-B679-2A69897457AB}.Release|Any CPU.Build.0 = Release|Any CPU
		{37148B99-0BC0-48B7-84CE-BD31957FD914}.Debug|Any CPU.ActiveCfg = Debug|Any CPU
		{37148B99-0BC0-48B7-84CE-BD31957FD914}.Debug|Any CPU.Build.0 = Debug|Any CPU
		{37148B99-0BC0-48B7-84CE-BD31957FD914}.Release|Any CPU.ActiveCfg = Release|Any CPU
		{37148B99-0BC0-48B7-84CE-BD31957FD914}.Release|Any CPU.Build.0 = Release|Any CPU
	EndGlobalSection
	GlobalSection(SolutionProperties) = preSolution
		HideSolutionNode = FALSE
	EndGlobalSection
	GlobalSection(ExtensibilityGlobals) = postSolution
		SolutionGuid = {0FD4B56F-0881-44B9-BD34-A2B1DFBC127C}
	EndGlobalSection
EndGlobal
