
Microsoft Visual Studio Solution File, Format Version 12.00
# Visual Studio Version 16
VisualStudioVersion = 16.0.31112.23
MinimumVisualStudioVersion = 10.0.40219.1
Project("{9A19103F-16F7-4668-BE54-9A1E7A4F7556}") = "BFF.Api", "..\..\..\Desktop\React-App-Sample\Sample.Auth\BFF.Api\BFF.Api.csproj", "{E75B94B6-62DD-42A7-A338-E9FD70DDFE34}"
EndProject
Project("{9A19103F-16F7-4668-BE54-9A1E7A4F7556}") = "React.BFF", "..\..\..\Desktop\React-App-Sample\Sample.Auth\React.BFF\React.BFF.csproj", "{3A469C28-6D51-443A-B6B4-6D7136F2E8F8}"
EndProject
Global
	GlobalSection(SolutionConfigurationPlatforms) = preSolution
		Debug|Any CPU = Debug|Any CPU
		Release|Any CPU = Release|Any CPU
	EndGlobalSection
	GlobalSection(ProjectConfigurationPlatforms) = postSolution
		{E75B94B6-62DD-42A7-A338-E9FD70DDFE34}.Debug|Any CPU.ActiveCfg = Debug|Any CPU
		{E75B94B6-62DD-42A7-A338-E9FD70DDFE34}.Debug|Any CPU.Build.0 = Debug|Any CPU
		{E75B94B6-62DD-42A7-A338-E9FD70DDFE34}.Release|Any CPU.ActiveCfg = Release|Any CPU
		{E75B94B6-62DD-42A7-A338-E9FD70DDFE34}.Release|Any CPU.Build.0 = Release|Any CPU
		{3A469C28-6D51-443A-B6B4-6D7136F2E8F8}.Debug|Any CPU.ActiveCfg = Debug|Any CPU
		{3A469C28-6D51-443A-B6B4-6D7136F2E8F8}.Debug|Any CPU.Build.0 = Debug|Any CPU
		{3A469C28-6D51-443A-B6B4-6D7136F2E8F8}.Release|Any CPU.ActiveCfg = Release|Any CPU
		{3A469C28-6D51-443A-B6B4-6D7136F2E8F8}.Release|Any CPU.Build.0 = Release|Any CPU
	EndGlobalSection
	GlobalSection(SolutionProperties) = preSolution
		HideSolutionNode = FALSE
	EndGlobalSection
	GlobalSection(ExtensibilityGlobals) = postSolution
		SolutionGuid = {0FD4B56F-0881-44B9-BD34-A2B1DFBC127C}
	EndGlobalSection
EndGlobal
